// !$*UTF8*$!
{
	archiveVersion = 1;
	classes = {
	};
	objectVersion = 51;
	objects = {

/* Begin PBXBuildFile section */
		3B95799BD322F95BFE26508C /* Pods_Alertes_Meteo.framework in Frameworks */ = {isa = PBXBuildFile; fileRef = F03F31610E41B813F9474CA6 /* Pods_Alertes_Meteo.framework */; };
		570526D623AB8B77008B179F /* AppDelegate.swift in Sources */ = {isa = PBXBuildFile; fileRef = 570526D523AB8B77008B179F /* AppDelegate.swift */; };
		570526D823AB8B77008B179F /* SceneDelegate.swift in Sources */ = {isa = PBXBuildFile; fileRef = 570526D723AB8B77008B179F /* SceneDelegate.swift */; };
		570526DC23AB8B7F008B179F /* Assets.xcassets in Resources */ = {isa = PBXBuildFile; fileRef = 570526DB23AB8B7F008B179F /* Assets.xcassets */; };
		570526DF23AB8B7F008B179F /* Preview Assets.xcassets in Resources */ = {isa = PBXBuildFile; fileRef = 570526DE23AB8B7F008B179F /* Preview Assets.xcassets */; };
		570526E223AB8B7F008B179F /* LaunchScreen.storyboard in Resources */ = {isa = PBXBuildFile; fileRef = 570526E023AB8B7F008B179F /* LaunchScreen.storyboard */; };
		570526EA23AB8CAF008B179F /* GoogleService-Info.plist in Resources */ = {isa = PBXBuildFile; fileRef = 570526E923AB8CAE008B179F /* GoogleService-Info.plist */; };
		570CA5D823C0F41800BB3F77 /* AlertsDataSource.swift in Sources */ = {isa = PBXBuildFile; fileRef = 570CA5D723C0F41800BB3F77 /* AlertsDataSource.swift */; };
		570CA5DA23C0F45300BB3F77 /* Alert.swift in Sources */ = {isa = PBXBuildFile; fileRef = 570CA5D923C0F45300BB3F77 /* Alert.swift */; };
		570CA5DD23C13A2300BB3F77 /* Firebase+Ext.swift in Sources */ = {isa = PBXBuildFile; fileRef = 570CA5DC23C13A2300BB3F77 /* Firebase+Ext.swift */; };
		570CA5DF23C13ABF00BB3F77 /* Foundation+Ext.swift in Sources */ = {isa = PBXBuildFile; fileRef = 570CA5DE23C13ABF00BB3F77 /* Foundation+Ext.swift */; };
		5744CFD323C497F4000ECA2A /* AlertMessageTableViewCell.swift in Sources */ = {isa = PBXBuildFile; fileRef = 5744CFD223C497F4000ECA2A /* AlertMessageTableViewCell.swift */; };
		5744CFD523C4A026000ECA2A /* AlertValuesTableViewCell.swift in Sources */ = {isa = PBXBuildFile; fileRef = 5744CFD423C4A026000ECA2A /* AlertValuesTableViewCell.swift */; };
		574ED19523CD110100FD7AB1 /* rfc3339.swift in Sources */ = {isa = PBXBuildFile; fileRef = 574ED19423CD110100FD7AB1 /* rfc3339.swift */; };
		57A7DDA623C68EBA00031F8E /* Topic.swift in Sources */ = {isa = PBXBuildFile; fileRef = 57A7DDA523C68EB900031F8E /* Topic.swift */; };
		57CC11A723C5E40000F8CC99 /* SubscriptionListViewController.swift in Sources */ = {isa = PBXBuildFile; fileRef = 57CC11A623C5E40000F8CC99 /* SubscriptionListViewController.swift */; };
		57CC11A923C5E5E800F8CC99 /* SubscriptionsDataSource.swift in Sources */ = {isa = PBXBuildFile; fileRef = 57CC11A823C5E5E800F8CC99 /* SubscriptionsDataSource.swift */; };
		57E0153123C5FD3500AF1143 /* TopicsDataSource.swift in Sources */ = {isa = PBXBuildFile; fileRef = 57E0153023C5FD3500AF1143 /* TopicsDataSource.swift */; };
		57EFFCC823C0DE9500BFBCBA /* AlertListViewController.swift in Sources */ = {isa = PBXBuildFile; fileRef = 57EFFCC723C0DE9500BFBCBA /* AlertListViewController.swift */; };
		57EFFCD123C0EE9A00BFBCBA /* AlertDetailViewController.swift in Sources */ = {isa = PBXBuildFile; fileRef = 57EFFCD023C0EE9A00BFBCBA /* AlertDetailViewController.swift */; };
		57F23E3723C7C7AE006B9D73 /* TableViewHeaderWithButton.swift in Sources */ = {isa = PBXBuildFile; fileRef = 57F23E3623C7C7AE006B9D73 /* TableViewHeaderWithButton.swift */; };
/* End PBXBuildFile section */

/* Begin PBXFileReference section */
		275F135C4DE0C8C9E132D95A /* Pods-Alertes Meteo.debug.xcconfig */ = {isa = PBXFileReference; includeInIndex = 1; lastKnownFileType = text.xcconfig; name = "Pods-Alertes Meteo.debug.xcconfig"; path = "Target Support Files/Pods-Alertes Meteo/Pods-Alertes Meteo.debug.xcconfig"; sourceTree = "<group>"; };
		570526D223AB8B77008B179F /* Alertes Meteo.app */ = {isa = PBXFileReference; explicitFileType = wrapper.application; includeInIndex = 0; path = "Alertes Meteo.app"; sourceTree = BUILT_PRODUCTS_DIR; };
		570526D523AB8B77008B179F /* AppDelegate.swift */ = {isa = PBXFileReference; lastKnownFileType = sourcecode.swift; path = AppDelegate.swift; sourceTree = "<group>"; };
		570526D723AB8B77008B179F /* SceneDelegate.swift */ = {isa = PBXFileReference; lastKnownFileType = sourcecode.swift; path = SceneDelegate.swift; sourceTree = "<group>"; };
		570526DB23AB8B7F008B179F /* Assets.xcassets */ = {isa = PBXFileReference; lastKnownFileType = folder.assetcatalog; path = Assets.xcassets; sourceTree = "<group>"; };
		570526DE23AB8B7F008B179F /* Preview Assets.xcassets */ = {isa = PBXFileReference; lastKnownFileType = folder.assetcatalog; path = "Preview Assets.xcassets"; sourceTree = "<group>"; };
		570526E123AB8B7F008B179F /* Base */ = {isa = PBXFileReference; lastKnownFileType = file.storyboard; name = Base; path = Base.lproj/LaunchScreen.storyboard; sourceTree = "<group>"; };
		570526E323AB8B7F008B179F /* Info.plist */ = {isa = PBXFileReference; lastKnownFileType = text.plist.xml; path = Info.plist; sourceTree = "<group>"; };
		570526E923AB8CAE008B179F /* GoogleService-Info.plist */ = {isa = PBXFileReference; fileEncoding = 4; lastKnownFileType = text.plist.xml; path = "GoogleService-Info.plist"; sourceTree = "<group>"; };
		570CA5D723C0F41800BB3F77 /* AlertsDataSource.swift */ = {isa = PBXFileReference; lastKnownFileType = sourcecode.swift; path = AlertsDataSource.swift; sourceTree = "<group>"; };
		570CA5D923C0F45300BB3F77 /* Alert.swift */ = {isa = PBXFileReference; lastKnownFileType = sourcecode.swift; path = Alert.swift; sourceTree = "<group>"; };
		570CA5DC23C13A2300BB3F77 /* Firebase+Ext.swift */ = {isa = PBXFileReference; lastKnownFileType = sourcecode.swift; path = "Firebase+Ext.swift"; sourceTree = "<group>"; };
		570CA5DE23C13ABF00BB3F77 /* Foundation+Ext.swift */ = {isa = PBXFileReference; lastKnownFileType = sourcecode.swift; path = "Foundation+Ext.swift"; sourceTree = "<group>"; };
		5744CFD223C497F4000ECA2A /* AlertMessageTableViewCell.swift */ = {isa = PBXFileReference; lastKnownFileType = sourcecode.swift; path = AlertMessageTableViewCell.swift; sourceTree = "<group>"; };
		5744CFD423C4A026000ECA2A /* AlertValuesTableViewCell.swift */ = {isa = PBXFileReference; lastKnownFileType = sourcecode.swift; path = AlertValuesTableViewCell.swift; sourceTree = "<group>"; };
		574ED19423CD110100FD7AB1 /* rfc3339.swift */ = {isa = PBXFileReference; lastKnownFileType = sourcecode.swift; path = rfc3339.swift; sourceTree = "<group>"; };
		57A7DDA523C68EB900031F8E /* Topic.swift */ = {isa = PBXFileReference; fileEncoding = 4; lastKnownFileType = sourcecode.swift; path = Topic.swift; sourceTree = "<group>"; };
		57CC11A623C5E40000F8CC99 /* SubscriptionListViewController.swift */ = {isa = PBXFileReference; lastKnownFileType = sourcecode.swift; path = SubscriptionListViewController.swift; sourceTree = "<group>"; };
		57CC11A823C5E5E800F8CC99 /* SubscriptionsDataSource.swift */ = {isa = PBXFileReference; lastKnownFileType = sourcecode.swift; path = SubscriptionsDataSource.swift; sourceTree = "<group>"; };
		57E0153023C5FD3500AF1143 /* TopicsDataSource.swift */ = {isa = PBXFileReference; lastKnownFileType = sourcecode.swift; path = TopicsDataSource.swift; sourceTree = "<group>"; };
		57EFFCC723C0DE9500BFBCBA /* AlertListViewController.swift */ = {isa = PBXFileReference; lastKnownFileType = sourcecode.swift; path = AlertListViewController.swift; sourceTree = "<group>"; };
		57EFFCD023C0EE9A00BFBCBA /* AlertDetailViewController.swift */ = {isa = PBXFileReference; lastKnownFileType = sourcecode.swift; path = AlertDetailViewController.swift; sourceTree = "<group>"; };
		57F23E3623C7C7AE006B9D73 /* TableViewHeaderWithButton.swift */ = {isa = PBXFileReference; lastKnownFileType = sourcecode.swift; path = TableViewHeaderWithButton.swift; sourceTree = "<group>"; };
		F03F31610E41B813F9474CA6 /* Pods_Alertes_Meteo.framework */ = {isa = PBXFileReference; explicitFileType = wrapper.framework; includeInIndex = 0; path = Pods_Alertes_Meteo.framework; sourceTree = BUILT_PRODUCTS_DIR; };
		F4FD6FCCA5EB1CD178EE02D4 /* Pods-Alertes Meteo.release.xcconfig */ = {isa = PBXFileReference; includeInIndex = 1; lastKnownFileType = text.xcconfig; name = "Pods-Alertes Meteo.release.xcconfig"; path = "Target Support Files/Pods-Alertes Meteo/Pods-Alertes Meteo.release.xcconfig"; sourceTree = "<group>"; };
/* End PBXFileReference section */

/* Begin PBXFrameworksBuildPhase section */
		570526CF23AB8B77008B179F /* Frameworks */ = {
			isa = PBXFrameworksBuildPhase;
			buildActionMask = 2147483647;
			files = (
				3B95799BD322F95BFE26508C /* Pods_Alertes_Meteo.framework in Frameworks */,
			);
			runOnlyForDeploymentPostprocessing = 0;
		};
/* End PBXFrameworksBuildPhase section */

/* Begin PBXGroup section */
		570526C923AB8B77008B179F = {
			isa = PBXGroup;
			children = (
				570526D423AB8B77008B179F /* Alertes Meteo */,
				570526D323AB8B77008B179F /* Products */,
				D7D604E1EC29ED978F42EEE0 /* Pods */,
				C060293D0C4FC8DDA2737835 /* Frameworks */,
			);
			sourceTree = "<group>";
		};
		570526D323AB8B77008B179F /* Products */ = {
			isa = PBXGroup;
			children = (
				570526D223AB8B77008B179F /* Alertes Meteo.app */,
			);
			name = Products;
			sourceTree = "<group>";
		};
		570526D423AB8B77008B179F /* Alertes Meteo */ = {
			isa = PBXGroup;
			children = (
				570CA5DB23C13A0A00BB3F77 /* Extensions */,
				57EFFCCF23C0EE3100BFBCBA /* Model */,
				57EFFCCC23C0ED6000BFBCBA /* Views */,
				57EFFCCD23C0ED6C00BFBCBA /* Screens */,
				57EFFCCE23C0ED7C00BFBCBA /* Supporting Files */,
				570526DD23AB8B7F008B179F /* Preview Content */,
			);
			path = "Alertes Meteo";
			sourceTree = "<group>";
		};
		570526DD23AB8B7F008B179F /* Preview Content */ = {
			isa = PBXGroup;
			children = (
				570526DE23AB8B7F008B179F /* Preview Assets.xcassets */,
			);
			path = "Preview Content";
			sourceTree = "<group>";
		};
		570CA5DB23C13A0A00BB3F77 /* Extensions */ = {
			isa = PBXGroup;
			children = (
				570CA5DC23C13A2300BB3F77 /* Firebase+Ext.swift */,
				570CA5DE23C13ABF00BB3F77 /* Foundation+Ext.swift */,
			);
			path = Extensions;
			sourceTree = "<group>";
		};
		5744CFD123C497CD000ECA2A /* Cells */ = {
			isa = PBXGroup;
			children = (
				5744CFD223C497F4000ECA2A /* AlertMessageTableViewCell.swift */,
				5744CFD423C4A026000ECA2A /* AlertValuesTableViewCell.swift */,
			);
			path = Cells;
			sourceTree = "<group>";
		};
		574ED19323CD10E400FD7AB1 /* RFC 3339 */ = {
			isa = PBXGroup;
			children = (
				574ED19423CD110100FD7AB1 /* rfc3339.swift */,
			);
			path = "RFC 3339";
			sourceTree = "<group>";
		};
		57EFFCCC23C0ED6000BFBCBA /* Views */ = {
			isa = PBXGroup;
			children = (
				57F23E3523C7C77D006B9D73 /* Headers */,
				5744CFD123C497CD000ECA2A /* Cells */,
			);
			path = Views;
			sourceTree = "<group>";
		};
		57EFFCCD23C0ED6C00BFBCBA /* Screens */ = {
			isa = PBXGroup;
			children = (
				57EFFCC723C0DE9500BFBCBA /* AlertListViewController.swift */,
				57EFFCD023C0EE9A00BFBCBA /* AlertDetailViewController.swift */,
				57CC11A623C5E40000F8CC99 /* SubscriptionListViewController.swift */,
			);
			path = Screens;
			sourceTree = "<group>";
		};
		57EFFCCE23C0ED7C00BFBCBA /* Supporting Files */ = {
			isa = PBXGroup;
			children = (
				570526D523AB8B77008B179F /* AppDelegate.swift */,
				570526D723AB8B77008B179F /* SceneDelegate.swift */,
				570526DB23AB8B7F008B179F /* Assets.xcassets */,
				570526E023AB8B7F008B179F /* LaunchScreen.storyboard */,
				570526E323AB8B7F008B179F /* Info.plist */,
				570526E923AB8CAE008B179F /* GoogleService-Info.plist */,
			);
			path = "Supporting Files";
			sourceTree = "<group>";
		};
		57EFFCCF23C0EE3100BFBCBA /* Model */ = {
			isa = PBXGroup;
			children = (
				574ED19323CD10E400FD7AB1 /* RFC 3339 */,
				57A7DDA523C68EB900031F8E /* Topic.swift */,
				570CA5D923C0F45300BB3F77 /* Alert.swift */,
				57E0153023C5FD3500AF1143 /* TopicsDataSource.swift */,
				570CA5D723C0F41800BB3F77 /* AlertsDataSource.swift */,
				57CC11A823C5E5E800F8CC99 /* SubscriptionsDataSource.swift */,
			);
			path = Model;
			sourceTree = "<group>";
		};
		57F23E3523C7C77D006B9D73 /* Headers */ = {
			isa = PBXGroup;
			children = (
				57F23E3623C7C7AE006B9D73 /* TableViewHeaderWithButton.swift */,
			);
			path = Headers;
			sourceTree = "<group>";
		};
		C060293D0C4FC8DDA2737835 /* Frameworks */ = {
			isa = PBXGroup;
			children = (
				F03F31610E41B813F9474CA6 /* Pods_Alertes_Meteo.framework */,
			);
			name = Frameworks;
			sourceTree = "<group>";
		};
		D7D604E1EC29ED978F42EEE0 /* Pods */ = {
			isa = PBXGroup;
			children = (
				275F135C4DE0C8C9E132D95A /* Pods-Alertes Meteo.debug.xcconfig */,
				F4FD6FCCA5EB1CD178EE02D4 /* Pods-Alertes Meteo.release.xcconfig */,
			);
			path = Pods;
			sourceTree = "<group>";
		};
/* End PBXGroup section */

/* Begin PBXNativeTarget section */
		570526D123AB8B77008B179F /* Alertes Meteo */ = {
			isa = PBXNativeTarget;
			buildConfigurationList = 570526E623AB8B7F008B179F /* Build configuration list for PBXNativeTarget "Alertes Meteo" */;
			buildPhases = (
				4A214A0FCD7996527E526375 /* [CP] Check Pods Manifest.lock */,
				570526CE23AB8B77008B179F /* Sources */,
				570526CF23AB8B77008B179F /* Frameworks */,
				570526D023AB8B77008B179F /* Resources */,
				8ED446A1DEFDCFBE70052862 /* [CP] Embed Pods Frameworks */,
			);
			buildRules = (
			);
			dependencies = (
			);
			name = "Alertes Meteo";
			productName = "Alertes Meteo";
			productReference = 570526D223AB8B77008B179F /* Alertes Meteo.app */;
			productType = "com.apple.product-type.application";
		};
/* End PBXNativeTarget section */

/* Begin PBXProject section */
		570526CA23AB8B77008B179F /* Project object */ = {
			isa = PBXProject;
			attributes = {
				LastSwiftUpdateCheck = 1120;
				LastUpgradeCheck = 1120;
				ORGANIZATIONNAME = "ULR ECI A1-2";
				TargetAttributes = {
					570526D123AB8B77008B179F = {
						CreatedOnToolsVersion = 11.2.1;
					};
				};
			};
			buildConfigurationList = 570526CD23AB8B77008B179F /* Build configuration list for PBXProject "Alertes Meteo" */;
			compatibilityVersion = "Xcode 9.3";
			developmentRegion = en;
			hasScannedForEncodings = 0;
			knownRegions = (
				en,
				Base,
			);
			mainGroup = 570526C923AB8B77008B179F;
			productRefGroup = 570526D323AB8B77008B179F /* Products */;
			projectDirPath = "";
			projectRoot = "";
			targets = (
				570526D123AB8B77008B179F /* Alertes Meteo */,
			);
		};
/* End PBXProject section */

/* Begin PBXResourcesBuildPhase section */
		570526D023AB8B77008B179F /* Resources */ = {
			isa = PBXResourcesBuildPhase;
			buildActionMask = 2147483647;
			files = (
				570526E223AB8B7F008B179F /* LaunchScreen.storyboard in Resources */,
				570526EA23AB8CAF008B179F /* GoogleService-Info.plist in Resources */,
				570526DF23AB8B7F008B179F /* Preview Assets.xcassets in Resources */,
				570526DC23AB8B7F008B179F /* Assets.xcassets in Resources */,
			);
			runOnlyForDeploymentPostprocessing = 0;
		};
/* End PBXResourcesBuildPhase section */

/* Begin PBXShellScriptBuildPhase section */
		4A214A0FCD7996527E526375 /* [CP] Check Pods Manifest.lock */ = {
			isa = PBXShellScriptBuildPhase;
			buildActionMask = 2147483647;
			files = (
			);
			inputFileListPaths = (
			);
			inputPaths = (
				"${PODS_PODFILE_DIR_PATH}/Podfile.lock",
				"${PODS_ROOT}/Manifest.lock",
			);
			name = "[CP] Check Pods Manifest.lock";
			outputFileListPaths = (
			);
			outputPaths = (
				"$(DERIVED_FILE_DIR)/Pods-Alertes Meteo-checkManifestLockResult.txt",
			);
			runOnlyForDeploymentPostprocessing = 0;
			shellPath = /bin/sh;
			shellScript = "diff \"${PODS_PODFILE_DIR_PATH}/Podfile.lock\" \"${PODS_ROOT}/Manifest.lock\" > /dev/null\nif [ $? != 0 ] ; then\n    # print error to STDERR\n    echo \"error: The sandbox is not in sync with the Podfile.lock. Run 'pod install' or update your CocoaPods installation.\" >&2\n    exit 1\nfi\n# This output is used by Xcode 'outputs' to avoid re-running this script phase.\necho \"SUCCESS\" > \"${SCRIPT_OUTPUT_FILE_0}\"\n";
			showEnvVarsInLog = 0;
		};
		8ED446A1DEFDCFBE70052862 /* [CP] Embed Pods Frameworks */ = {
			isa = PBXShellScriptBuildPhase;
			buildActionMask = 2147483647;
			files = (
			);
			inputFileListPaths = (
				"${PODS_ROOT}/Target Support Files/Pods-Alertes Meteo/Pods-Alertes Meteo-frameworks-${CONFIGURATION}-input-files.xcfilelist",
			);
			name = "[CP] Embed Pods Frameworks";
			outputFileListPaths = (
				"${PODS_ROOT}/Target Support Files/Pods-Alertes Meteo/Pods-Alertes Meteo-frameworks-${CONFIGURATION}-output-files.xcfilelist",
			);
			runOnlyForDeploymentPostprocessing = 0;
			shellPath = /bin/sh;
			shellScript = "\"${PODS_ROOT}/Target Support Files/Pods-Alertes Meteo/Pods-Alertes Meteo-frameworks.sh\"\n";
			showEnvVarsInLog = 0;
		};
/* End PBXShellScriptBuildPhase section */

/* Begin PBXSourcesBuildPhase section */
		570526CE23AB8B77008B179F /* Sources */ = {
			isa = PBXSourcesBuildPhase;
			buildActionMask = 2147483647;
			files = (
				57CC11A723C5E40000F8CC99 /* SubscriptionListViewController.swift in Sources */,
				570CA5DA23C0F45300BB3F77 /* Alert.swift in Sources */,
				57EFFCD123C0EE9A00BFBCBA /* AlertDetailViewController.swift in Sources */,
				57F23E3723C7C7AE006B9D73 /* TableViewHeaderWithButton.swift in Sources */,
				57CC11A923C5E5E800F8CC99 /* SubscriptionsDataSource.swift in Sources */,
				574ED19523CD110100FD7AB1 /* rfc3339.swift in Sources */,
				57E0153123C5FD3500AF1143 /* TopicsDataSource.swift in Sources */,
				570CA5DF23C13ABF00BB3F77 /* Foundation+Ext.swift in Sources */,
				5744CFD323C497F4000ECA2A /* AlertMessageTableViewCell.swift in Sources */,
				570526D623AB8B77008B179F /* AppDelegate.swift in Sources */,
				570CA5D823C0F41800BB3F77 /* AlertsDataSource.swift in Sources */,
				570CA5DD23C13A2300BB3F77 /* Firebase+Ext.swift in Sources */,
				570526D823AB8B77008B179F /* SceneDelegate.swift in Sources */,
				5744CFD523C4A026000ECA2A /* AlertValuesTableViewCell.swift in Sources */,
				57EFFCC823C0DE9500BFBCBA /* AlertListViewController.swift in Sources */,
				57A7DDA623C68EBA00031F8E /* Topic.swift in Sources */,
			);
			runOnlyForDeploymentPostprocessing = 0;
		};
/* End PBXSourcesBuildPhase section */

/* Begin PBXVariantGroup section */
		570526E023AB8B7F008B179F /* LaunchScreen.storyboard */ = {
			isa = PBXVariantGroup;
			children = (
				570526E123AB8B7F008B179F /* Base */,
			);
			name = LaunchScreen.storyboard;
			sourceTree = "<group>";
		};
/* End PBXVariantGroup section */

/* Begin XCBuildConfiguration section */
		570526E423AB8B7F008B179F /* Debug */ = {
			isa = XCBuildConfiguration;
			buildSettings = {
				ALWAYS_SEARCH_USER_PATHS = NO;
				CLANG_ANALYZER_NONNULL = YES;
				CLANG_ANALYZER_NUMBER_OBJECT_CONVERSION = YES_AGGRESSIVE;
				CLANG_CXX_LANGUAGE_STANDARD = "gnu++14";
				CLANG_CXX_LIBRARY = "libc++";
				CLANG_ENABLE_MODULES = YES;
				CLANG_ENABLE_OBJC_ARC = YES;
				CLANG_ENABLE_OBJC_WEAK = YES;
				CLANG_WARN_BLOCK_CAPTURE_AUTORELEASING = YES;
				CLANG_WARN_BOOL_CONVERSION = YES;
				CLANG_WARN_COMMA = YES;
				CLANG_WARN_CONSTANT_CONVERSION = YES;
				CLANG_WARN_DEPRECATED_OBJC_IMPLEMENTATIONS = YES;
				CLANG_WARN_DIRECT_OBJC_ISA_USAGE = YES_ERROR;
				CLANG_WARN_DOCUMENTATION_COMMENTS = YES;
				CLANG_WARN_EMPTY_BODY = YES;
				CLANG_WARN_ENUM_CONVERSION = YES;
				CLANG_WARN_INFINITE_RECURSION = YES;
				CLANG_WARN_INT_CONVERSION = YES;
				CLANG_WARN_NON_LITERAL_NULL_CONVERSION = YES;
				CLANG_WARN_OBJC_IMPLICIT_RETAIN_SELF = YES;
				CLANG_WARN_OBJC_LITERAL_CONVERSION = YES;
				CLANG_WARN_OBJC_ROOT_CLASS = YES_ERROR;
				CLANG_WARN_RANGE_LOOP_ANALYSIS = YES;
				CLANG_WARN_STRICT_PROTOTYPES = YES;
				CLANG_WARN_SUSPICIOUS_MOVE = YES;
				CLANG_WARN_UNGUARDED_AVAILABILITY = YES_AGGRESSIVE;
				CLANG_WARN_UNREACHABLE_CODE = YES;
				CLANG_WARN__DUPLICATE_METHOD_MATCH = YES;
				COPY_PHASE_STRIP = NO;
				DEBUG_INFORMATION_FORMAT = dwarf;
				ENABLE_STRICT_OBJC_MSGSEND = YES;
				ENABLE_TESTABILITY = YES;
				GCC_C_LANGUAGE_STANDARD = gnu11;
				GCC_DYNAMIC_NO_PIC = NO;
				GCC_NO_COMMON_BLOCKS = YES;
				GCC_OPTIMIZATION_LEVEL = 0;
				GCC_PREPROCESSOR_DEFINITIONS = (
					"DEBUG=1",
					"$(inherited)",
				);
				GCC_WARN_64_TO_32_BIT_CONVERSION = YES;
				GCC_WARN_ABOUT_RETURN_TYPE = YES_ERROR;
				GCC_WARN_UNDECLARED_SELECTOR = YES;
				GCC_WARN_UNINITIALIZED_AUTOS = YES_AGGRESSIVE;
				GCC_WARN_UNUSED_FUNCTION = YES;
				GCC_WARN_UNUSED_VARIABLE = YES;
				IPHONEOS_DEPLOYMENT_TARGET = 13.2;
				MTL_ENABLE_DEBUG_INFO = INCLUDE_SOURCE;
				MTL_FAST_MATH = YES;
				ONLY_ACTIVE_ARCH = YES;
				SDKROOT = iphoneos;
				SWIFT_ACTIVE_COMPILATION_CONDITIONS = DEBUG;
				SWIFT_OPTIMIZATION_LEVEL = "-Onone";
			};
			name = Debug;
		};
		570526E523AB8B7F008B179F /* Release */ = {
			isa = XCBuildConfiguration;
			buildSettings = {
				ALWAYS_SEARCH_USER_PATHS = NO;
				CLANG_ANALYZER_NONNULL = YES;
				CLANG_ANALYZER_NUMBER_OBJECT_CONVERSION = YES_AGGRESSIVE;
				CLANG_CXX_LANGUAGE_STANDARD = "gnu++14";
				CLANG_CXX_LIBRARY = "libc++";
				CLANG_ENABLE_MODULES = YES;
				CLANG_ENABLE_OBJC_ARC = YES;
				CLANG_ENABLE_OBJC_WEAK = YES;
				CLANG_WARN_BLOCK_CAPTURE_AUTORELEASING = YES;
				CLANG_WARN_BOOL_CONVERSION = YES;
				CLANG_WARN_COMMA = YES;
				CLANG_WARN_CONSTANT_CONVERSION = YES;
				CLANG_WARN_DEPRECATED_OBJC_IMPLEMENTATIONS = YES;
				CLANG_WARN_DIRECT_OBJC_ISA_USAGE = YES_ERROR;
				CLANG_WARN_DOCUMENTATION_COMMENTS = YES;
				CLANG_WARN_EMPTY_BODY = YES;
				CLANG_WARN_ENUM_CONVERSION = YES;
				CLANG_WARN_INFINITE_RECURSION = YES;
				CLANG_WARN_INT_CONVERSION = YES;
				CLANG_WARN_NON_LITERAL_NULL_CONVERSION = YES;
				CLANG_WARN_OBJC_IMPLICIT_RETAIN_SELF = YES;
				CLANG_WARN_OBJC_LITERAL_CONVERSION = YES;
				CLANG_WARN_OBJC_ROOT_CLASS = YES_ERROR;
				CLANG_WARN_RANGE_LOOP_ANALYSIS = YES;
				CLANG_WARN_STRICT_PROTOTYPES = YES;
				CLANG_WARN_SUSPICIOUS_MOVE = YES;
				CLANG_WARN_UNGUARDED_AVAILABILITY = YES_AGGRESSIVE;
				CLANG_WARN_UNREACHABLE_CODE = YES;
				CLANG_WARN__DUPLICATE_METHOD_MATCH = YES;
				COPY_PHASE_STRIP = NO;
				DEBUG_INFORMATION_FORMAT = "dwarf-with-dsym";
				ENABLE_NS_ASSERTIONS = NO;
				ENABLE_STRICT_OBJC_MSGSEND = YES;
				GCC_C_LANGUAGE_STANDARD = gnu11;
				GCC_NO_COMMON_BLOCKS = YES;
				GCC_WARN_64_TO_32_BIT_CONVERSION = YES;
				GCC_WARN_ABOUT_RETURN_TYPE = YES_ERROR;
				GCC_WARN_UNDECLARED_SELECTOR = YES;
				GCC_WARN_UNINITIALIZED_AUTOS = YES_AGGRESSIVE;
				GCC_WARN_UNUSED_FUNCTION = YES;
				GCC_WARN_UNUSED_VARIABLE = YES;
				IPHONEOS_DEPLOYMENT_TARGET = 13.2;
				MTL_ENABLE_DEBUG_INFO = NO;
				MTL_FAST_MATH = YES;
				SDKROOT = iphoneos;
				SWIFT_COMPILATION_MODE = wholemodule;
				SWIFT_OPTIMIZATION_LEVEL = "-O";
				VALIDATE_PRODUCT = YES;
			};
			name = Release;
		};
		570526E723AB8B7F008B179F /* Debug */ = {
			isa = XCBuildConfiguration;
			baseConfigurationReference = 275F135C4DE0C8C9E132D95A /* Pods-Alertes Meteo.debug.xcconfig */;
			buildSettings = {
				ASSETCATALOG_COMPILER_APPICON_NAME = AppIcon;
				CODE_SIGN_STYLE = Automatic;
				DEVELOPMENT_ASSET_PATHS = "\"Alertes Meteo/Preview Content\"";
				DEVELOPMENT_TEAM = 5SYM9A33ZK;
				ENABLE_PREVIEWS = YES;
				INFOPLIST_FILE = "Alertes Meteo/Supporting Files/Info.plist";
				IPHONEOS_DEPLOYMENT_TARGET = 13.0;
				LD_RUNPATH_SEARCH_PATHS = (
					"$(inherited)",
					"@executable_path/Frameworks",
				);
				PRODUCT_BUNDLE_IDENTIFIER = "com.ulr-eci-a1-2.Alertes-Meteo";
				PRODUCT_NAME = "$(TARGET_NAME)";
				SWIFT_VERSION = 5.0;
				TARGETED_DEVICE_FAMILY = "1,2";
			};
			name = Debug;
		};
		570526E823AB8B7F008B179F /* Release */ = {
			isa = XCBuildConfiguration;
			baseConfigurationReference = F4FD6FCCA5EB1CD178EE02D4 /* Pods-Alertes Meteo.release.xcconfig */;
			buildSettings = {
				ASSETCATALOG_COMPILER_APPICON_NAME = AppIcon;
				CODE_SIGN_STYLE = Automatic;
				DEVELOPMENT_ASSET_PATHS = "\"Alertes Meteo/Preview Content\"";
				DEVELOPMENT_TEAM = 5SYM9A33ZK;
				ENABLE_PREVIEWS = YES;
				INFOPLIST_FILE = "Alertes Meteo/Supporting Files/Info.plist";
				IPHONEOS_DEPLOYMENT_TARGET = 13.0;
				LD_RUNPATH_SEARCH_PATHS = (
					"$(inherited)",
					"@executable_path/Frameworks",
				);
				PRODUCT_BUNDLE_IDENTIFIER = "com.ulr-eci-a1-2.Alertes-Meteo";
				PRODUCT_NAME = "$(TARGET_NAME)";
				SWIFT_VERSION = 5.0;
				TARGETED_DEVICE_FAMILY = "1,2";
			};
			name = Release;
		};
/* End XCBuildConfiguration section */

/* Begin XCConfigurationList section */
		570526CD23AB8B77008B179F /* Build configuration list for PBXProject "Alertes Meteo" */ = {
			isa = XCConfigurationList;
			buildConfigurations = (
				570526E423AB8B7F008B179F /* Debug */,
				570526E523AB8B7F008B179F /* Release */,
			);
			defaultConfigurationIsVisible = 0;
			defaultConfigurationName = Release;
		};
		570526E623AB8B7F008B179F /* Build configuration list for PBXNativeTarget "Alertes Meteo" */ = {
			isa = XCConfigurationList;
			buildConfigurations = (
				570526E723AB8B7F008B179F /* Debug */,
				570526E823AB8B7F008B179F /* Release */,
			);
			defaultConfigurationIsVisible = 0;
			defaultConfigurationName = Release;
		};
/* End XCConfigurationList section */
	};
	rootObject = 570526CA23AB8B77008B179F /* Project object */;
}
